// !$*UTF8*$!
{
	archiveVersion = 1;
	classes = {
	};
	objectVersion = 56;
	objects = {

/* Begin PBXBuildFile section */
		D529E72129732AF600F0194C /* AppDelegate.swift in Sources */ = {isa = PBXBuildFile; fileRef = D529E72029732AF600F0194C /* AppDelegate.swift */; };
		D529E72329732AF600F0194C /* SceneDelegate.swift in Sources */ = {isa = PBXBuildFile; fileRef = D529E72229732AF600F0194C /* SceneDelegate.swift */; };
		D529E72529732AF600F0194C /* ContactViewController.swift in Sources */ = {isa = PBXBuildFile; fileRef = D529E72429732AF600F0194C /* ContactViewController.swift */; };
		D529E72829732AF600F0194C /* Main.storyboard in Resources */ = {isa = PBXBuildFile; fileRef = D529E72629732AF600F0194C /* Main.storyboard */; };
		D529E72A29732AF700F0194C /* Assets.xcassets in Resources */ = {isa = PBXBuildFile; fileRef = D529E72929732AF700F0194C /* Assets.xcassets */; };
		D529E72D29732AF700F0194C /* LaunchScreen.storyboard in Resources */ = {isa = PBXBuildFile; fileRef = D529E72B29732AF700F0194C /* LaunchScreen.storyboard */; };
		D529E73529732B7000F0194C /* PersonsTableViewController.swift in Sources */ = {isa = PBXBuildFile; fileRef = D529E73429732B7000F0194C /* PersonsTableViewController.swift */; };
		D529E7372973319D00F0194C /* Person.swift in Sources */ = {isa = PBXBuildFile; fileRef = D529E7362973319D00F0194C /* Person.swift */; };
		D529E7392973324E00F0194C /* DataStore.swift in Sources */ = {isa = PBXBuildFile; fileRef = D529E7382973324E00F0194C /* DataStore.swift */; };
		D529E73B29744E4600F0194C /* PersonsExtTableViewController.swift in Sources */ = {isa = PBXBuildFile; fileRef = D529E73A29744E4600F0194C /* PersonsExtTableViewController.swift */; };
		D529E73D29744FC200F0194C /* TabViewController.swift in Sources */ = {isa = PBXBuildFile; fileRef = D529E73C29744FC200F0194C /* TabViewController.swift */; };
/* End PBXBuildFile section */

/* Begin PBXFileReference section */
		D529E71D29732AF600F0194C /* ContactList.app */ = {isa = PBXFileReference; explicitFileType = wrapper.application; includeInIndex = 0; path = ContactList.app; sourceTree = BUILT_PRODUCTS_DIR; };
		D529E72029732AF600F0194C /* AppDelegate.swift */ = {isa = PBXFileReference; lastKnownFileType = sourcecode.swift; path = AppDelegate.swift; sourceTree = "<group>"; };
		D529E72229732AF600F0194C /* SceneDelegate.swift */ = {isa = PBXFileReference; lastKnownFileType = sourcecode.swift; path = SceneDelegate.swift; sourceTree = "<group>"; };
		D529E72429732AF600F0194C /* ContactViewController.swift */ = {isa = PBXFileReference; lastKnownFileType = sourcecode.swift; path = ContactViewController.swift; sourceTree = "<group>"; };
		D529E72729732AF600F0194C /* Base */ = {isa = PBXFileReference; lastKnownFileType = file.storyboard; name = Base; path = Base.lproj/Main.storyboard; sourceTree = "<group>"; };
		D529E72929732AF700F0194C /* Assets.xcassets */ = {isa = PBXFileReference; lastKnownFileType = folder.assetcatalog; path = Assets.xcassets; sourceTree = "<group>"; };
		D529E72C29732AF700F0194C /* Base */ = {isa = PBXFileReference; lastKnownFileType = file.storyboard; name = Base; path = Base.lproj/LaunchScreen.storyboard; sourceTree = "<group>"; };
		D529E72E29732AF700F0194C /* Info.plist */ = {isa = PBXFileReference; lastKnownFileType = text.plist.xml; path = Info.plist; sourceTree = "<group>"; };
		D529E73429732B7000F0194C /* PersonsTableViewController.swift */ = {isa = PBXFileReference; lastKnownFileType = sourcecode.swift; path = PersonsTableViewController.swift; sourceTree = "<group>"; };
		D529E7362973319D00F0194C /* Person.swift */ = {isa = PBXFileReference; lastKnownFileType = sourcecode.swift; path = Person.swift; sourceTree = "<group>"; };
		D529E7382973324E00F0194C /* DataStore.swift */ = {isa = PBXFileReference; lastKnownFileType = sourcecode.swift; path = DataStore.swift; sourceTree = "<group>"; };
		D529E73A29744E4600F0194C /* PersonsExtTableViewController.swift */ = {isa = PBXFileReference; lastKnownFileType = sourcecode.swift; path = PersonsExtTableViewController.swift; sourceTree = "<group>"; };
		D529E73C29744FC200F0194C /* TabViewController.swift */ = {isa = PBXFileReference; lastKnownFileType = sourcecode.swift; path = TabViewController.swift; sourceTree = "<group>"; };
/* End PBXFileReference section */

/* Begin PBXFrameworksBuildPhase section */
		D529E71A29732AF600F0194C /* Frameworks */ = {
			isa = PBXFrameworksBuildPhase;
			buildActionMask = 2147483647;
			files = (
			);
			runOnlyForDeploymentPostprocessing = 0;
		};
/* End PBXFrameworksBuildPhase section */

/* Begin PBXGroup section */
		D529E71429732AF600F0194C = {
			isa = PBXGroup;
			children = (
				D529E71F29732AF600F0194C /* ContactList */,
				D529E71E29732AF600F0194C /* Products */,
			);
			sourceTree = "<group>";
		};
		D529E71E29732AF600F0194C /* Products */ = {
			isa = PBXGroup;
			children = (
				D529E71D29732AF600F0194C /* ContactList.app */,
			);
			name = Products;
			sourceTree = "<group>";
		};
		D529E71F29732AF600F0194C /* ContactList */ = {
			isa = PBXGroup;
			children = (
				D529E72029732AF600F0194C /* AppDelegate.swift */,
				D529E72229732AF600F0194C /* SceneDelegate.swift */,
				D559C93A297545D500151200 /* ViewControllers */,
				D559C93D2975479100151200 /* Services */,
				D559C93B297545E800151200 /* Models */,
				D529E72629732AF600F0194C /* Main.storyboard */,
				D529E72929732AF700F0194C /* Assets.xcassets */,
				D529E72B29732AF700F0194C /* LaunchScreen.storyboard */,
				D529E72E29732AF700F0194C /* Info.plist */,
			);
			path = ContactList;
			sourceTree = "<group>";
		};
		D559C93A297545D500151200 /* ViewControllers */ = {
			isa = PBXGroup;
			children = (
				D529E73C29744FC200F0194C /* TabViewController.swift */,
				D529E72429732AF600F0194C /* ContactViewController.swift */,
				D529E73429732B7000F0194C /* PersonsTableViewController.swift */,
				D529E73A29744E4600F0194C /* PersonsExtTableViewController.swift */,
			);
			path = ViewControllers;
			sourceTree = "<group>";
		};
		D559C93B297545E800151200 /* Models */ = {
			isa = PBXGroup;
			children = (
				D529E7362973319D00F0194C /* Person.swift */,
			);
			path = Models;
			sourceTree = "<group>";
		};
		D559C93D2975479100151200 /* Services */ = {
			isa = PBXGroup;
			children = (
				D529E7382973324E00F0194C /* DataStore.swift */,
			);
			path = Services;
			sourceTree = "<group>";
		};
/* End PBXGroup section */

/* Begin PBXNativeTarget section */
		D529E71C29732AF600F0194C /* ContactList */ = {
			isa = PBXNativeTarget;
			buildConfigurationList = D529E73129732AF700F0194C /* Build configuration list for PBXNativeTarget "ContactList" */;
			buildPhases = (
				D529E71929732AF600F0194C /* Sources */,
				D529E71A29732AF600F0194C /* Frameworks */,
				D529E71B29732AF600F0194C /* Resources */,
			);
			buildRules = (
			);
			dependencies = (
			);
			name = ContactList;
			productName = ContactList;
			productReference = D529E71D29732AF600F0194C /* ContactList.app */;
			productType = "com.apple.product-type.application";
		};
/* End PBXNativeTarget section */

/* Begin PBXProject section */
		D529E71529732AF600F0194C /* Project object */ = {
			isa = PBXProject;
			attributes = {
				BuildIndependentTargetsInParallel = 1;
				LastSwiftUpdateCheck = 1410;
				LastUpgradeCheck = 1410;
				TargetAttributes = {
					D529E71C29732AF600F0194C = {
						CreatedOnToolsVersion = 14.1;
					};
				};
			};
			buildConfigurationList = D529E71829732AF600F0194C /* Build configuration list for PBXProject "ContactList" */;
			compatibilityVersion = "Xcode 14.0";
			developmentRegion = en;
			hasScannedForEncodings = 0;
			knownRegions = (
				en,
				Base,
			);
			mainGroup = D529E71429732AF600F0194C;
			productRefGroup = D529E71E29732AF600F0194C /* Products */;
			projectDirPath = "";
			projectRoot = "";
			targets = (
				D529E71C29732AF600F0194C /* ContactList */,
			);
		};
/* End PBXProject section */

/* Begin PBXResourcesBuildPhase section */
		D529E71B29732AF600F0194C /* Resources */ = {
			isa = PBXResourcesBuildPhase;
			buildActionMask = 2147483647;
			files = (
				D529E72D29732AF700F0194C /* LaunchScreen.storyboard in Resources */,
				D529E72A29732AF700F0194C /* Assets.xcassets in Resources */,
				D529E72829732AF600F0194C /* Main.storyboard in Resources */,
			);
			runOnlyForDeploymentPostprocessing = 0;
		};
/* End PBXResourcesBuildPhase section */

/* Begin PBXSourcesBuildPhase section */
		D529E71929732AF600F0194C /* Sources */ = {
			isa = PBXSourcesBuildPhase;
			buildActionMask = 2147483647;
			files = (
				D529E73D29744FC200F0194C /* TabViewController.swift in Sources */,
				D529E73529732B7000F0194C /* PersonsTableViewController.swift in Sources */,
				D529E7392973324E00F0194C /* DataStore.swift in Sources */,
				D529E72529732AF600F0194C /* ContactViewController.swift in Sources */,
				D529E7372973319D00F0194C /* Person.swift in Sources */,
				D529E72129732AF600F0194C /* AppDelegate.swift in Sources */,
				D529E72329732AF600F0194C /* SceneDelegate.swift in Sources */,
				D529E73B29744E4600F0194C /* PersonsExtTableViewController.swift in Sources */,
			);
			runOnlyForDeploymentPostprocessing = 0;
		};
/* End PBXSourcesBuildPhase section */

/* Begin PBXVariantGroup section */
		D529E72629732AF600F0194C /* Main.storyboard */ = {
			isa = PBXVariantGroup;
			children = (
				D529E72729732AF600F0194C /* Base */,
			);
			name = Main.storyboard;
			sourceTree = "<group>";
		};
		D529E72B29732AF700F0194C /* LaunchScreen.storyboard */ = {
			isa = PBXVariantGroup;
			children = (
				D529E72C29732AF700F0194C /* Base */,
			);
			name = LaunchScreen.storyboard;
			sourceTree = "<group>";
		};
/* End PBXVariantGroup section */

/* Begin XCBuildConfiguration section */
		D529E72F29732AF700F0194C /* Debug */ = {
			isa = XCBuildConfiguration;
			buildSettings = {
				ALWAYS_SEARCH_USER_PATHS = NO;
				CLANG_ANALYZER_NONNULL = YES;
				CLANG_ANALYZER_NUMBER_OBJECT_CONVERSION = YES_AGGRESSIVE;
				CLANG_CXX_LANGUAGE_STANDARD = "gnu++20";
				CLANG_ENABLE_MODULES = YES;
				CLANG_ENABLE_OBJC_ARC = YES;
				CLANG_ENABLE_OBJC_WEAK = YES;
				CLANG_WARN_BLOCK_CAPTURE_AUTORELEASING = YES;
				CLANG_WARN_BOOL_CONVERSION = YES;
				CLANG_WARN_COMMA = YES;
				CLANG_WARN_CONSTANT_CONVERSION = YES;
				CLANG_WARN_DEPRECATED_OBJC_IMPLEMENTATIONS = YES;
				CLANG_WARN_DIRECT_OBJC_ISA_USAGE = YES_ERROR;
				CLANG_WARN_DOCUMENTATION_COMMENTS = YES;
				CLANG_WARN_EMPTY_BODY = YES;
				CLANG_WARN_ENUM_CONVERSION = YES;
				CLANG_WARN_INFINITE_RECURSION = YES;
				CLANG_WARN_INT_CONVERSION = YES;
				CLANG_WARN_NON_LITERAL_NULL_CONVERSION = YES;
				CLANG_WARN_OBJC_IMPLICIT_RETAIN_SELF = YES;
				CLANG_WARN_OBJC_LITERAL_CONVERSION = YES;
				CLANG_WARN_OBJC_ROOT_CLASS = YES_ERROR;
				CLANG_WARN_QUOTED_INCLUDE_IN_FRAMEWORK_HEADER = YES;
				CLANG_WARN_RANGE_LOOP_ANALYSIS = YES;
				CLANG_WARN_STRICT_PROTOTYPES = YES;
				CLANG_WARN_SUSPICIOUS_MOVE = YES;
				CLANG_WARN_UNGUARDED_AVAILABILITY = YES_AGGRESSIVE;
				CLANG_WARN_UNREACHABLE_CODE = YES;
				CLANG_WARN__DUPLICATE_METHOD_MATCH = YES;
				COPY_PHASE_STRIP = NO;
				DEBUG_INFORMATION_FORMAT = dwarf;
				ENABLE_STRICT_OBJC_MSGSEND = YES;
				ENABLE_TESTABILITY = YES;
				GCC_C_LANGUAGE_STANDARD = gnu11;
				GCC_DYNAMIC_NO_PIC = NO;
				GCC_NO_COMMON_BLOCKS = YES;
				GCC_OPTIMIZATION_LEVEL = 0;
				GCC_PREPROCESSOR_DEFINITIONS = (
					"DEBUG=1",
					"$(inherited)",
				);
				GCC_WARN_64_TO_32_BIT_CONVERSION = YES;
				GCC_WARN_ABOUT_RETURN_TYPE = YES_ERROR;
				GCC_WARN_UNDECLARED_SELECTOR = YES;
				GCC_WARN_UNINITIALIZED_AUTOS = YES_AGGRESSIVE;
				GCC_WARN_UNUSED_FUNCTION = YES;
				GCC_WARN_UNUSED_VARIABLE = YES;
				IPHONEOS_DEPLOYMENT_TARGET = 16.1;
				MTL_ENABLE_DEBUG_INFO = INCLUDE_SOURCE;
				MTL_FAST_MATH = YES;
				ONLY_ACTIVE_ARCH = YES;
				SDKROOT = iphoneos;
				SWIFT_ACTIVE_COMPILATION_CONDITIONS = DEBUG;
				SWIFT_OPTIMIZATION_LEVEL = "-Onone";
			};
			name = Debug;
		};
		D529E73029732AF700F0194C /* Release */ = {
			isa = XCBuildConfiguration;
			buildSettings = {
				ALWAYS_SEARCH_USER_PATHS = NO;
				CLANG_ANALYZER_NONNULL = YES;
				CLANG_ANALYZER_NUMBER_OBJECT_CONVERSION = YES_AGGRESSIVE;
				CLANG_CXX_LANGUAGE_STANDARD = "gnu++20";
				CLANG_ENABLE_MODULES = YES;
				CLANG_ENABLE_OBJC_ARC = YES;
				CLANG_ENABLE_OBJC_WEAK = YES;
				CLANG_WARN_BLOCK_CAPTURE_AUTORELEASING = YES;
				CLANG_WARN_BOOL_CONVERSION = YES;
				CLANG_WARN_COMMA = YES;
				CLANG_WARN_CONSTANT_CONVERSION = YES;
				CLANG_WARN_DEPRECATED_OBJC_IMPLEMENTATIONS = YES;
				CLANG_WARN_DIRECT_OBJC_ISA_USAGE = YES_ERROR;
				CLANG_WARN_DOCUMENTATION_COMMENTS = YES;
				CLANG_WARN_EMPTY_BODY = YES;
				CLANG_WARN_ENUM_CONVERSION = YES;
				CLANG_WARN_INFINITE_RECURSION = YES;
				CLANG_WARN_INT_CONVERSION = YES;
				CLANG_WARN_NON_LITERAL_NULL_CONVERSION = YES;
				CLANG_WARN_OBJC_IMPLICIT_RETAIN_SELF = YES;
				CLANG_WARN_OBJC_LITERAL_CONVERSION = YES;
				CLANG_WARN_OBJC_ROOT_CLASS = YES_ERROR;
				CLANG_WARN_QUOTED_INCLUDE_IN_FRAMEWORK_HEADER = YES;
				CLANG_WARN_RANGE_LOOP_ANALYSIS = YES;
				CLANG_WARN_STRICT_PROTOTYPES = YES;
				CLANG_WARN_SUSPICIOUS_MOVE = YES;
				CLANG_WARN_UNGUARDED_AVAILABILITY = YES_AGGRESSIVE;
				CLANG_WARN_UNREACHABLE_CODE = YES;
				CLANG_WARN__DUPLICATE_METHOD_MATCH = YES;
				COPY_PHASE_STRIP = NO;
				DEBUG_INFORMATION_FORMAT = "dwarf-with-dsym";
				ENABLE_NS_ASSERTIONS = NO;
				ENABLE_STRICT_OBJC_MSGSEND = YES;
				GCC_C_LANGUAGE_STANDARD = gnu11;
				GCC_NO_COMMON_BLOCKS = YES;
				GCC_WARN_64_TO_32_BIT_CONVERSION = YES;
				GCC_WARN_ABOUT_RETURN_TYPE = YES_ERROR;
				GCC_WARN_UNDECLARED_SELECTOR = YES;
				GCC_WARN_UNINITIALIZED_AUTOS = YES_AGGRESSIVE;
				GCC_WARN_UNUSED_FUNCTION = YES;
				GCC_WARN_UNUSED_VARIABLE = YES;
				IPHONEOS_DEPLOYMENT_TARGET = 16.1;
				MTL_ENABLE_DEBUG_INFO = NO;
				MTL_FAST_MATH = YES;
				SDKROOT = iphoneos;
				SWIFT_COMPILATION_MODE = wholemodule;
				SWIFT_OPTIMIZATION_LEVEL = "-O";
				VALIDATE_PRODUCT = YES;
			};
			name = Release;
		};
		D529E73229732AF700F0194C /* Debug */ = {
			isa = XCBuildConfiguration;
			buildSettings = {
				ASSETCATALOG_COMPILER_APPICON_NAME = AppIcon;
				ASSETCATALOG_COMPILER_GLOBAL_ACCENT_COLOR_NAME = AccentColor;
				CODE_SIGN_STYLE = Automatic;
				CURRENT_PROJECT_VERSION = 1;
				GENERATE_INFOPLIST_FILE = YES;
				INFOPLIST_FILE = ContactList/Info.plist;
				INFOPLIST_KEY_UIApplicationSupportsIndirectInputEvents = YES;
				INFOPLIST_KEY_UILaunchStoryboardName = LaunchScreen;
				INFOPLIST_KEY_UIMainStoryboardFile = Main;
				INFOPLIST_KEY_UIStatusBarStyle = "";
				INFOPLIST_KEY_UISupportedInterfaceOrientations = UIInterfaceOrientationPortrait;
				INFOPLIST_KEY_UISupportedInterfaceOrientations_iPad = "UIInterfaceOrientationLandscapeLeft UIInterfaceOrientationLandscapeRight UIInterfaceOrientationPortrait UIInterfaceOrientationPortraitUpsideDown";
				LD_RUNPATH_SEARCH_PATHS = (
					"$(inherited)",
					"@executable_path/Frameworks",
				);
				MARKETING_VERSION = 1.0;
				PRODUCT_BUNDLE_IDENTIFIER = org.sesoft.ContactList;
				PRODUCT_NAME = "$(TARGET_NAME)";
				SUPPORTED_PLATFORMS = "iphoneos iphonesimulator";
				SUPPORTS_MACCATALYST = NO;
				SUPPORTS_MAC_DESIGNED_FOR_IPHONE_IPAD = NO;
				SWIFT_EMIT_LOC_STRINGS = YES;
				SWIFT_VERSION = 5.0;
				TARGETED_DEVICE_FAMILY = 1;
			};
			name = Debug;
		};
		D529E73329732AF700F0194C /* Release */ = {
			isa = XCBuildConfiguration;
			buildSettings = {
				ASSETCATALOG_COMPILER_APPICON_NAME = AppIcon;
				ASSETCATALOG_COMPILER_GLOBAL_ACCENT_COLOR_NAME = AccentColor;
				CODE_SIGN_STYLE = Automatic;
				CURRENT_PROJECT_VERSION = 1;
				GENERATE_INFOPLIST_FILE = YES;
				INFOPLIST_FILE = ContactList/Info.plist;
				INFOPLIST_KEY_UIApplicationSupportsIndirectInputEvents = YES;
				INFOPLIST_KEY_UILaunchStoryboardName = LaunchScreen;
				INFOPLIST_KEY_UIMainStoryboardFile = Main;
				INFOPLIST_KEY_UIStatusBarStyle = "";
				INFOPLIST_KEY_UISupportedInterfaceOrientations = UIInterfaceOrientationPortrait;
				INFOPLIST_KEY_UISupportedInterfaceOrientations_iPad = "UIInterfaceOrientationLandscapeLeft UIInterfaceOrientationLandscapeRight UIInterfaceOrientationPortrait UIInterfaceOrientationPortraitUpsideDown";
				LD_RUNPATH_SEARCH_PATHS = (
					"$(inherited)",
					"@executable_path/Frameworks",
				);
				MARKETING_VERSION = 1.0;
				PRODUCT_BUNDLE_IDENTIFIER = org.sesoft.ContactList;
				PRODUCT_NAME = "$(TARGET_NAME)";
				SUPPORTED_PLATFORMS = "iphoneos iphonesimulator";
				SUPPORTS_MACCATALYST = NO;
				SUPPORTS_MAC_DESIGNED_FOR_IPHONE_IPAD = NO;
				SWIFT_EMIT_LOC_STRINGS = YES;
				SWIFT_VERSION = 5.0;
				TARGETED_DEVICE_FAMILY = 1;
			};
			name = Release;
		};
/* End XCBuildConfiguration section */

/* Begin XCConfigurationList section */
		D529E71829732AF600F0194C /* Build configuration list for PBXProject "ContactList" */ = {
			isa = XCConfigurationList;
			buildConfigurations = (
				D529E72F29732AF700F0194C /* Debug */,
				D529E73029732AF700F0194C /* Release */,
			);
			defaultConfigurationIsVisible = 0;
			defaultConfigurationName = Release;
		};
		D529E73129732AF700F0194C /* Build configuration list for PBXNativeTarget "ContactList" */ = {
			isa = XCConfigurationList;
			buildConfigurations = (
				D529E73229732AF700F0194C /* Debug */,
				D529E73329732AF700F0194C /* Release */,
			);
			defaultConfigurationIsVisible = 0;
			defaultConfigurationName = Release;
		};
/* End XCConfigurationList section */
	};
	rootObject = D529E71529732AF600F0194C /* Project object */;
}
